// !$*UTF8*$!
{
	archiveVersion = 1;
	classes = {
	};
	objectVersion = 110;
	objects = {

/* Begin PBXBuildFile section */
		C495DA1B3006506F00E91416 /* LapermEditor in Frameworks */ = {isa = PBXBuildFile; productRef = C495DA1A3006506F00E91416 /* LapermEditor */; };
		C4A1B0013100000000000001 /* LapermEditor in Frameworks */ = {isa = PBXBuildFile; productRef = C4A1B0003100000000000001 /* LapermEditor */; };
/* End PBXBuildFile section */

/* Begin PBXFileReference section */
		C495D9F930064EE700E91416 /* ExampleMacOS.app */ = {isa = PBXFileReference; explicitFileType = wrapper.application; includeInIndex = 0; path = ExampleMacOS.app; sourceTree = BUILT_PRODUCTS_DIR; };
		C4A1B0023100000000000001 /* ExampleiOS.app */ = {isa = PBXFileReference; explicitFileType = wrapper.application; includeInIndex = 0; path = ExampleiOS.app; sourceTree = BUILT_PRODUCTS_DIR; };
		C4A1B0203100000000000002 /* ExampleiOSUITests.xctest */ = {isa = PBXFileReference; explicitFileType = wrapper.cfbundle; includeInIndex = 0; path = ExampleiOSUITests.xctest; sourceTree = BUILT_PRODUCTS_DIR; };
/* End PBXFileReference section */

/* Begin PBXFileSystemSynchronizedRootGroup section */
		C495D9FB30064EE700E91416 /* ExampleMacOS */ = {
			isa = PBXFileSystemSynchronizedRootGroup;
			path = ExampleMacOS;
			sourceTree = "<group>";
		};
		C4A1B0033100000000000001 /* ExampleiOS */ = {
			isa = PBXFileSystemSynchronizedRootGroup;
			path = ExampleiOS;
			sourceTree = "<group>";
		};
		C4A1B0213100000000000002 /* ExampleiOSUITests */ = {
			isa = PBXFileSystemSynchronizedRootGroup;
			path = ExampleiOSUITests;
			sourceTree = "<group>";
		};
/* End PBXFileSystemSynchronizedRootGroup section */

/* Begin PBXFrameworksBuildPhase section */
		C495D9F630064EE700E91416 /* Frameworks */ = {
			isa = PBXFrameworksBuildPhase;
			files = (
				C495DA1B3006506F00E91416 /* LapermEditor in Frameworks */,
			);
		};
		C4A1B0043100000000000001 /* Frameworks */ = {
			isa = PBXFrameworksBuildPhase;
			files = (
				C4A1B0013100000000000001 /* LapermEditor in Frameworks */,
			);
		};
		C4A1B0223100000000000002 /* Frameworks */ = {
			isa = PBXFrameworksBuildPhase;
			files = (
			);
		};
/* End PBXFrameworksBuildPhase section */

/* Begin PBXGroup section */
		C495D9EE30064EC200E91416 = {
			isa = PBXGroup;
			children = (
				C495D9FB30064EE700E91416 /* ExampleMacOS */,
				C4A1B0033100000000000001 /* ExampleiOS */,
				C4A1B0213100000000000002 /* ExampleiOSUITests */,
				C495D9FA30064EE700E91416 /* Products */,
			);
			sourceTree = "<group>";
		};
		C495D9FA30064EE700E91416 /* Products */ = {
			isa = PBXGroup;
			children = (
				C495D9F930064EE700E91416 /* ExampleMacOS.app */,
				C4A1B0023100000000000001 /* ExampleiOS.app */,
				C4A1B0203100000000000002 /* ExampleiOSUITests.xctest */,
			);
			name = Products;
			sourceTree = "<group>";
		};
/* End PBXGroup section */

/* Begin PBXNativeTarget section */
		C495D9F830064EE700E91416 /* ExampleMacOS */ = {
			isa = PBXNativeTarget;
			buildConfigurationList = C495DA0230064EE800E91416 /* Build configuration list for PBXNativeTarget "ExampleMacOS" */;
			buildPhases = (
				C495D9F530064EE700E91416 /* Sources */,
				C495D9F630064EE700E91416 /* Frameworks */,
				C495D9F730064EE700E91416 /* Resources */,
			);
			buildRules = (
			);
			fileSystemSynchronizedGroups = (
				C495D9FB30064EE700E91416 /* ExampleMacOS */,
			);
			name = ExampleMacOS;
			packageProductDependencies = (
				C495DA1A3006506F00E91416 /* LapermEditor */,
			);
			productName = ExampleMacOS;
			productReference = C495D9F930064EE700E91416 /* ExampleMacOS.app */;
			productType = "com.apple.product-type.application";
		};
		C4A1B0053100000000000001 /* ExampleiOS */ = {
			isa = PBXNativeTarget;
			buildConfigurationList = C4A1B0063100000000000001 /* Build configuration list for PBXNativeTarget "ExampleiOS" */;
			buildPhases = (
				C4A1B0073100000000000001 /* Sources */,
				C4A1B0043100000000000001 /* Frameworks */,
				C4A1B0083100000000000001 /* Resources */,
			);
			buildRules = (
			);
			fileSystemSynchronizedGroups = (
				C4A1B0033100000000000001 /* ExampleiOS */,
			);
			name = ExampleiOS;
			packageProductDependencies = (
				C4A1B0003100000000000001 /* LapermEditor */,
			);
			productName = ExampleiOS;
			productReference = C4A1B0023100000000000001 /* ExampleiOS.app */;
			productType = "com.apple.product-type.application";
		};
		C4A1B0233100000000000002 /* ExampleiOSUITests */ = {
			isa = PBXNativeTarget;
			buildConfigurationList = C4A1B0243100000000000002 /* Build configuration list for PBXNativeTarget "ExampleiOSUITests" */;
			buildPhases = (
				C4A1B0253100000000000002 /* Sources */,
				C4A1B0223100000000000002 /* Frameworks */,
				C4A1B0263100000000000002 /* Resources */,
			);
			buildRules = (
			);
			dependencies = (
				C4A1B0273100000000000002 /* PBXTargetDependency */,
			);
			fileSystemSynchronizedGroups = (
				C4A1B0213100000000000002 /* ExampleiOSUITests */,
			);
			name = ExampleiOSUITests;
			productName = ExampleiOSUITests;
			productReference = C4A1B0203100000000000002 /* ExampleiOSUITests.xctest */;
			productType = "com.apple.product-type.bundle.ui-testing";
		};
/* End PBXNativeTarget section */

/* Begin PBXContainerItemProxy section */
		C4A1B0283100000000000002 /* PBXContainerItemProxy */ = {
			isa = PBXContainerItemProxy;
			containerPortal = C495D9EF30064EC200E91416 /* Project object */;
			proxyType = 1;
			remoteGlobalIDString = C4A1B0053100000000000001;
			remoteInfo = ExampleiOS;
		};
/* End PBXContainerItemProxy section */

/* Begin PBXTargetDependency section */
		C4A1B0273100000000000002 /* PBXTargetDependency */ = {
			isa = PBXTargetDependency;
			target = C4A1B0053100000000000001 /* ExampleiOS */;
			targetProxy = C4A1B0283100000000000002 /* PBXContainerItemProxy */;
		};
/* End PBXTargetDependency section */

/* Begin PBXProject section */
		C495D9EF30064EC200E91416 /* Project object */ = {
			isa = PBXProject;
			attributes = {
				BuildIndependentTargetsInParallel = 1;
				LastSwiftUpdateCheck = 2700;
				LastUpgradeCheck = 2700;
				TargetAttributes = {
					C495D9F830064EE700E91416 = {
						CreatedOnToolsVersion = 27.0;
					};
					C4A1B0053100000000000001 = {
						CreatedOnToolsVersion = 27.0;
					};
					C4A1B0233100000000000002 = {
						CreatedOnToolsVersion = 27.0;
						TestTargetID = C4A1B0053100000000000001;
					};
				};
			};
			buildConfigurationList = C495D9F230064EC200E91416 /* Build configuration list for PBXProject "Example" */;
			developmentRegion = en;
			hasScannedForEncodings = 0;
			knownRegions = (
				en,
				Base,
			);
			mainGroup = C495D9EE30064EC200E91416;
			minimizedProjectReferenceProxies = 1;
			packageReferences = (
				C495DA193006506F00E91416 /* XCLocalSwiftPackageReference "../../Laperm" */,
			);
			preferredProjectObjectVersion = 77;
			productRefGroup = C495D9FA30064EE700E91416 /* Products */;
			projectDirPath = "";
			projectRoot = "";
			targets = (
				C495D9F830064EE700E91416 /* ExampleMacOS */,
				C4A1B0053100000000000001 /* ExampleiOS */,
				C4A1B0233100000000000002 /* ExampleiOSUITests */,
			);
		};
/* End PBXProject section */

/* Begin PBXResourcesBuildPhase section */
		C495D9F730064EE700E91416 /* Resources */ = {
			isa = PBXResourcesBuildPhase;
			files = (
			);
		};
		C4A1B0083100000000000001 /* Resources */ = {
			isa = PBXResourcesBuildPhase;
			files = (
			);
		};
		C4A1B0263100000000000002 /* Resources */ = {
			isa = PBXResourcesBuildPhase;
			files = (
			);
		};
/* End PBXResourcesBuildPhase section */

/* Begin PBXSourcesBuildPhase section */
		C495D9F530064EE700E91416 /* Sources */ = {
			isa = PBXSourcesBuildPhase;
			files = (
			);
		};
		C4A1B0073100000000000001 /* Sources */ = {
			isa = PBXSourcesBuildPhase;
			files = (
			);
		};
		C4A1B0253100000000000002 /* Sources */ = {
			isa = PBXSourcesBuildPhase;
			files = (
			);
		};
/* End PBXSourcesBuildPhase section */

/* Begin XCBuildConfiguration section */
		C495D9F330064EC200E91416 /* Debug configuration for PBXProject "Example" */ = {
			isa = XCBuildConfiguration;
			buildSettings = {
			};
			name = Debug;
		};
		C495D9F430064EC200E91416 /* Release configuration for PBXProject "Example" */ = {
			isa = XCBuildConfiguration;
			buildSettings = {
			};
			name = Release;
		};
		C495DA0330064EE800E91416 /* Debug configuration for PBXNativeTarget "ExampleMacOS" */ = {
			isa = XCBuildConfiguration;
			buildSettings = {
				ALWAYS_SEARCH_USER_PATHS = NO;
				ASSETCATALOG_COMPILER_APPICON_NAME = AppIcon;
				ASSETCATALOG_COMPILER_GENERATE_SWIFT_ASSET_SYMBOL_EXTENSIONS = YES;
				ASSETCATALOG_COMPILER_GLOBAL_ACCENT_COLOR_NAME = AccentColor;
				CLANG_ANALYZER_NONNULL = YES;
				CLANG_ANALYZER_NUMBER_OBJECT_CONVERSION = YES_AGGRESSIVE;
				CLANG_CXX_LANGUAGE_STANDARD = "gnu++20";
				CLANG_ENABLE_MODULES = YES;
				CLANG_ENABLE_OBJC_ARC = YES;
				CLANG_ENABLE_OBJC_WEAK = YES;
				CLANG_WARN_BLOCK_CAPTURE_AUTORELEASING = YES;
				CLANG_WARN_BOOL_CONVERSION = YES;
				CLANG_WARN_COMMA = YES;
				CLANG_WARN_CONSTANT_CONVERSION = YES;
				CLANG_WARN_DEPRECATED_OBJC_IMPLEMENTATIONS = YES;
				CLANG_WARN_DIRECT_OBJC_ISA_USAGE = YES_ERROR;
				CLANG_WARN_DOCUMENTATION_COMMENTS = YES;
				CLANG_WARN_EMPTY_BODY = YES;
				CLANG_WARN_ENUM_CONVERSION = YES;
				CLANG_WARN_INFINITE_RECURSION = YES;
				CLANG_WARN_INT_CONVERSION = YES;
				CLANG_WARN_NON_LITERAL_NULL_CONVERSION = YES;
				CLANG_WARN_OBJC_IMPLICIT_RETAIN_SELF = YES;
				CLANG_WARN_OBJC_LITERAL_CONVERSION = YES;
				CLANG_WARN_OBJC_ROOT_CLASS = YES_ERROR;
				CLANG_WARN_QUOTED_INCLUDE_IN_FRAMEWORK_HEADER = YES;
				CLANG_WARN_RANGE_LOOP_ANALYSIS = YES;
				CLANG_WARN_STRICT_PROTOTYPES = YES;
				CLANG_WARN_SUSPICIOUS_MOVE = YES;
				CLANG_WARN_UNGUARDED_AVAILABILITY = YES_AGGRESSIVE;
				CLANG_WARN_UNREACHABLE_CODE = YES;
				CLANG_WARN__DUPLICATE_METHOD_MATCH = YES;
				CODE_SIGN_STYLE = Automatic;
				COMBINE_HIDPI_IMAGES = YES;
				COPY_PHASE_STRIP = NO;
				CURRENT_PROJECT_VERSION = 1;
				DEBUG_INFORMATION_FORMAT = dwarf;
				ENABLE_APP_SANDBOX = YES;
				ENABLE_PREVIEWS = YES;
				ENABLE_STRICT_OBJC_MSGSEND = YES;
				ENABLE_TESTABILITY = YES;
				ENABLE_USER_SCRIPT_SANDBOXING = YES;
				ENABLE_USER_SELECTED_FILES = readonly;
				GCC_C_LANGUAGE_STANDARD = gnu17;
				GCC_DYNAMIC_NO_PIC = NO;
				GCC_NO_COMMON_BLOCKS = YES;
				GCC_OPTIMIZATION_LEVEL = 0;
				GCC_PREPROCESSOR_DEFINITIONS = (
					"DEBUG=1",
					"$(inherited)",
				);
				GCC_WARN_64_TO_32_BIT_CONVERSION = YES;
				GCC_WARN_ABOUT_RETURN_TYPE = YES_ERROR;
				GCC_WARN_UNDECLARED_SELECTOR = YES;
				GCC_WARN_UNINITIALIZED_AUTOS = YES_AGGRESSIVE;
				GCC_WARN_UNUSED_FUNCTION = YES;
				GCC_WARN_UNUSED_VARIABLE = YES;
				GENERATE_INFOPLIST_FILE = YES;
				INFOPLIST_KEY_NSHumanReadableCopyright = "";
				LD_RUNPATH_SEARCH_PATHS = (
					"$(inherited)",
					"@executable_path/../Frameworks",
				);
				LOCALIZATION_PREFERS_STRING_CATALOGS = YES;
				MACOSX_DEPLOYMENT_TARGET = 27.0;
				MARKETING_VERSION = 1.0;
				MTL_ENABLE_DEBUG_INFO = INCLUDE_SOURCE;
				MTL_FAST_MATH = YES;
				ONLY_ACTIVE_ARCH = YES;
				PRODUCT_BUNDLE_IDENTIFIER = app.kymmt.ExampleMacOS;
				PRODUCT_NAME = "$(TARGET_NAME)";
				REGISTER_APP_GROUPS = YES;
				SDKROOT = macosx;
				STRING_CATALOG_GENERATE_SYMBOLS = YES;
				SWIFT_ACTIVE_COMPILATION_CONDITIONS = "DEBUG $(inherited)";
				SWIFT_APPROACHABLE_CONCURRENCY = YES;
				SWIFT_DEFAULT_ACTOR_ISOLATION = MainActor;
				SWIFT_EMIT_LOC_STRINGS = YES;
				SWIFT_OPTIMIZATION_LEVEL = "-Onone";
				SWIFT_UPCOMING_FEATURE_MEMBER_IMPORT_VISIBILITY = YES;
				SWIFT_VERSION = 5.0;
			};
			name = Debug;
		};
		C495DA0430064EE800E91416 /* Release configuration for PBXNativeTarget "ExampleMacOS" */ = {
			isa = XCBuildConfiguration;
			buildSettings = {
				ALWAYS_SEARCH_USER_PATHS = NO;
				ASSETCATALOG_COMPILER_APPICON_NAME = AppIcon;
				ASSETCATALOG_COMPILER_GENERATE_SWIFT_ASSET_SYMBOL_EXTENSIONS = YES;
				ASSETCATALOG_COMPILER_GLOBAL_ACCENT_COLOR_NAME = AccentColor;
				CLANG_ANALYZER_NONNULL = YES;
				CLANG_ANALYZER_NUMBER_OBJECT_CONVERSION = YES_AGGRESSIVE;
				CLANG_CXX_LANGUAGE_STANDARD = "gnu++20";
				CLANG_ENABLE_MODULES = YES;
				CLANG_ENABLE_OBJC_ARC = YES;
				CLANG_ENABLE_OBJC_WEAK = YES;
				CLANG_WARN_BLOCK_CAPTURE_AUTORELEASING = YES;
				CLANG_WARN_BOOL_CONVERSION = YES;
				CLANG_WARN_COMMA = YES;
				CLANG_WARN_CONSTANT_CONVERSION = YES;
				CLANG_WARN_DEPRECATED_OBJC_IMPLEMENTATIONS = YES;
				CLANG_WARN_DIRECT_OBJC_ISA_USAGE = YES_ERROR;
				CLANG_WARN_DOCUMENTATION_COMMENTS = YES;
				CLANG_WARN_EMPTY_BODY = YES;
				CLANG_WARN_ENUM_CONVERSION = YES;
				CLANG_WARN_INFINITE_RECURSION = YES;
				CLANG_WARN_INT_CONVERSION = YES;
				CLANG_WARN_NON_LITERAL_NULL_CONVERSION = YES;
				CLANG_WARN_OBJC_IMPLICIT_RETAIN_SELF = YES;
				CLANG_WARN_OBJC_LITERAL_CONVERSION = YES;
				CLANG_WARN_OBJC_ROOT_CLASS = YES_ERROR;
				CLANG_WARN_QUOTED_INCLUDE_IN_FRAMEWORK_HEADER = YES;
				CLANG_WARN_RANGE_LOOP_ANALYSIS = YES;
				CLANG_WARN_STRICT_PROTOTYPES = YES;
				CLANG_WARN_SUSPICIOUS_MOVE = YES;
				CLANG_WARN_UNGUARDED_AVAILABILITY = YES_AGGRESSIVE;
				CLANG_WARN_UNREACHABLE_CODE = YES;
				CLANG_WARN__DUPLICATE_METHOD_MATCH = YES;
				CODE_SIGN_STYLE = Automatic;
				COMBINE_HIDPI_IMAGES = YES;
				COPY_PHASE_STRIP = NO;
				CURRENT_PROJECT_VERSION = 1;
				DEBUG_INFORMATION_FORMAT = "dwarf-with-dsym";
				ENABLE_APP_SANDBOX = YES;
				ENABLE_NS_ASSERTIONS = NO;
				ENABLE_PREVIEWS = YES;
				ENABLE_STRICT_OBJC_MSGSEND = YES;
				ENABLE_USER_SCRIPT_SANDBOXING = YES;
				ENABLE_USER_SELECTED_FILES = readonly;
				GCC_C_LANGUAGE_STANDARD = gnu17;
				GCC_NO_COMMON_BLOCKS = YES;
				GCC_WARN_64_TO_32_BIT_CONVERSION = YES;
				GCC_WARN_ABOUT_RETURN_TYPE = YES_ERROR;
				GCC_WARN_UNDECLARED_SELECTOR = YES;
				GCC_WARN_UNINITIALIZED_AUTOS = YES_AGGRESSIVE;
				GCC_WARN_UNUSED_FUNCTION = YES;
				GCC_WARN_UNUSED_VARIABLE = YES;
				GENERATE_INFOPLIST_FILE = YES;
				INFOPLIST_KEY_NSHumanReadableCopyright = "";
				LD_RUNPATH_SEARCH_PATHS = (
					"$(inherited)",
					"@executable_path/../Frameworks",
				);
				LOCALIZATION_PREFERS_STRING_CATALOGS = YES;
				MACOSX_DEPLOYMENT_TARGET = 27.0;
				MARKETING_VERSION = 1.0;
				MTL_ENABLE_DEBUG_INFO = NO;
				MTL_FAST_MATH = YES;
				PRODUCT_BUNDLE_IDENTIFIER = app.kymmt.ExampleMacOS;
				PRODUCT_NAME = "$(TARGET_NAME)";
				REGISTER_APP_GROUPS = YES;
				SDKROOT = macosx;
				STRING_CATALOG_GENERATE_SYMBOLS = YES;
				SWIFT_APPROACHABLE_CONCURRENCY = YES;
				SWIFT_COMPILATION_MODE = wholemodule;
				SWIFT_DEFAULT_ACTOR_ISOLATION = MainActor;
				SWIFT_EMIT_LOC_STRINGS = YES;
				SWIFT_UPCOMING_FEATURE_MEMBER_IMPORT_VISIBILITY = YES;
				SWIFT_VERSION = 5.0;
			};
			name = Release;
		};
		C4A1B0093100000000000001 /* Debug configuration for PBXNativeTarget "ExampleiOS" */ = {
			isa = XCBuildConfiguration;
			buildSettings = {
				ASSETCATALOG_COMPILER_APPICON_NAME = AppIcon;
				ASSETCATALOG_COMPILER_GENERATE_SWIFT_ASSET_SYMBOL_EXTENSIONS = YES;
				ASSETCATALOG_COMPILER_GLOBAL_ACCENT_COLOR_NAME = AccentColor;
				CODE_SIGN_STYLE = Automatic;
				CURRENT_PROJECT_VERSION = 1;
				ENABLE_PREVIEWS = YES;
				ENABLE_USER_SCRIPT_SANDBOXING = YES;
				GENERATE_INFOPLIST_FILE = YES;
				INFOPLIST_KEY_UIApplicationSceneManifest_Generation = YES;
				INFOPLIST_KEY_UIApplicationSupportsIndirectInputEvents = YES;
				INFOPLIST_KEY_UILaunchScreen_Generation = YES;
				INFOPLIST_KEY_UISupportedInterfaceOrientations_iPad = "UIInterfaceOrientationPortrait UIInterfaceOrientationPortraitUpsideDown UIInterfaceOrientationLandscapeLeft UIInterfaceOrientationLandscapeRight";
				INFOPLIST_KEY_UISupportedInterfaceOrientations_iPhone = "UIInterfaceOrientationPortrait UIInterfaceOrientationLandscapeLeft UIInterfaceOrientationLandscapeRight";
				IPHONEOS_DEPLOYMENT_TARGET = 27.0;
				LD_RUNPATH_SEARCH_PATHS = (
					"$(inherited)",
					"@executable_path/Frameworks",
				);
				LOCALIZATION_PREFERS_STRING_CATALOGS = YES;
				MARKETING_VERSION = 1.0;
				PRODUCT_BUNDLE_IDENTIFIER = app.kymmt.ExampleiOS;
				PRODUCT_NAME = "$(TARGET_NAME)";
				SDKROOT = iphoneos;
				STRING_CATALOG_GENERATE_SYMBOLS = YES;
				SUPPORTED_PLATFORMS = "iphoneos iphonesimulator";
				SUPPORTS_MACCATALYST = NO;
				SWIFT_APPROACHABLE_CONCURRENCY = YES;
				SWIFT_DEFAULT_ACTOR_ISOLATION = MainActor;
				SWIFT_EMIT_LOC_STRINGS = YES;
				SWIFT_UPCOMING_FEATURE_MEMBER_IMPORT_VISIBILITY = YES;
				SWIFT_VERSION = 5.0;
				TARGETED_DEVICE_FAMILY = "1,2";
				DEBUG_INFORMATION_FORMAT = dwarf;
				ENABLE_TESTABILITY = YES;
				GCC_OPTIMIZATION_LEVEL = 0;
				ONLY_ACTIVE_ARCH = YES;
				SWIFT_ACTIVE_COMPILATION_CONDITIONS = "DEBUG $(inherited)";
				SWIFT_OPTIMIZATION_LEVEL = "-Onone";
			};
			name = Debug;
		};
		C4A1B00A3100000000000001 /* Release configuration for PBXNativeTarget "ExampleiOS" */ = {
			isa = XCBuildConfiguration;
			buildSettings = {
				ASSETCATALOG_COMPILER_APPICON_NAME = AppIcon;
				ASSETCATALOG_COMPILER_GENERATE_SWIFT_ASSET_SYMBOL_EXTENSIONS = YES;
				ASSETCATALOG_COMPILER_GLOBAL_ACCENT_COLOR_NAME = AccentColor;
				CODE_SIGN_STYLE = Automatic;
				CURRENT_PROJECT_VERSION = 1;
				ENABLE_PREVIEWS = YES;
				ENABLE_USER_SCRIPT_SANDBOXING = YES;
				GENERATE_INFOPLIST_FILE = YES;
				INFOPLIST_KEY_UIApplicationSceneManifest_Generation = YES;
				INFOPLIST_KEY_UIApplicationSupportsIndirectInputEvents = YES;
				INFOPLIST_KEY_UILaunchScreen_Generation = YES;
				INFOPLIST_KEY_UISupportedInterfaceOrientations_iPad = "UIInterfaceOrientationPortrait UIInterfaceOrientationPortraitUpsideDown UIInterfaceOrientationLandscapeLeft UIInterfaceOrientationLandscapeRight";
				INFOPLIST_KEY_UISupportedInterfaceOrientations_iPhone = "UIInterfaceOrientationPortrait UIInterfaceOrientationLandscapeLeft UIInterfaceOrientationLandscapeRight";
				IPHONEOS_DEPLOYMENT_TARGET = 27.0;
				LD_RUNPATH_SEARCH_PATHS = (
					"$(inherited)",
					"@executable_path/Frameworks",
				);
				LOCALIZATION_PREFERS_STRING_CATALOGS = YES;
				MARKETING_VERSION = 1.0;
				PRODUCT_BUNDLE_IDENTIFIER = app.kymmt.ExampleiOS;
				PRODUCT_NAME = "$(TARGET_NAME)";
				SDKROOT = iphoneos;
				STRING_CATALOG_GENERATE_SYMBOLS = YES;
				SUPPORTED_PLATFORMS = "iphoneos iphonesimulator";
				SUPPORTS_MACCATALYST = NO;
				SWIFT_APPROACHABLE_CONCURRENCY = YES;
				SWIFT_DEFAULT_ACTOR_ISOLATION = MainActor;
				SWIFT_EMIT_LOC_STRINGS = YES;
				SWIFT_UPCOMING_FEATURE_MEMBER_IMPORT_VISIBILITY = YES;
				SWIFT_VERSION = 5.0;
				TARGETED_DEVICE_FAMILY = "1,2";
				DEBUG_INFORMATION_FORMAT = "dwarf-with-dsym";
				ENABLE_NS_ASSERTIONS = NO;
				SWIFT_COMPILATION_MODE = wholemodule;
			};
			name = Release;
		};
		C4A1B0293100000000000002 /* Debug configuration for PBXNativeTarget "ExampleiOSUITests" */ = {
			isa = XCBuildConfiguration;
			buildSettings = {
				CODE_SIGN_STYLE = Automatic;
				CURRENT_PROJECT_VERSION = 1;
				GENERATE_INFOPLIST_FILE = YES;
				IPHONEOS_DEPLOYMENT_TARGET = 27.0;
				LD_RUNPATH_SEARCH_PATHS = (
					"$(inherited)",
					"@executable_path/Frameworks",
					"@loader_path/Frameworks",
				);
				MARKETING_VERSION = 1.0;
				PRODUCT_BUNDLE_IDENTIFIER = app.kymmt.ExampleiOSUITests;
				PRODUCT_NAME = "$(TARGET_NAME)";
				SDKROOT = iphoneos;
				SUPPORTED_PLATFORMS = "iphoneos iphonesimulator";
				SWIFT_EMIT_LOC_STRINGS = NO;
				SWIFT_VERSION = 5.0;
				TARGETED_DEVICE_FAMILY = "1,2";
				TEST_TARGET_NAME = ExampleiOS;
				DEBUG_INFORMATION_FORMAT = dwarf;
				ONLY_ACTIVE_ARCH = YES;
				SWIFT_ACTIVE_COMPILATION_CONDITIONS = "DEBUG $(inherited)";
				SWIFT_OPTIMIZATION_LEVEL = "-Onone";
			};
			name = Debug;
		};
		C4A1B02A3100000000000002 /* Release configuration for PBXNativeTarget "ExampleiOSUITests" */ = {
			isa = XCBuildConfiguration;
			buildSettings = {
				CODE_SIGN_STYLE = Automatic;
				CURRENT_PROJECT_VERSION = 1;
				GENERATE_INFOPLIST_FILE = YES;
				IPHONEOS_DEPLOYMENT_TARGET = 27.0;
				LD_RUNPATH_SEARCH_PATHS = (
					"$(inherited)",
					"@executable_path/Frameworks",
					"@loader_path/Frameworks",
				);
				MARKETING_VERSION = 1.0;
				PRODUCT_BUNDLE_IDENTIFIER = app.kymmt.ExampleiOSUITests;
				PRODUCT_NAME = "$(TARGET_NAME)";
				SDKROOT = iphoneos;
				SUPPORTED_PLATFORMS = "iphoneos iphonesimulator";
				SWIFT_EMIT_LOC_STRINGS = NO;
				SWIFT_VERSION = 5.0;
				TARGETED_DEVICE_FAMILY = "1,2";
				TEST_TARGET_NAME = ExampleiOS;
				DEBUG_INFORMATION_FORMAT = "dwarf-with-dsym";
				SWIFT_COMPILATION_MODE = wholemodule;
			};
			name = Release;
		};
/* End XCBuildConfiguration section */

/* Begin XCConfigurationList section */
		C495D9F230064EC200E91416 /* Build configuration list for PBXProject "Example" */ = {
			isa = XCConfigurationList;
			buildConfigurations = (
				C495D9F330064EC200E91416 /* Debug configuration for PBXProject "Example" */,
				C495D9F430064EC200E91416 /* Release configuration for PBXProject "Example" */,
			);
			defaultConfigurationName = Release;
		};
		C495DA0230064EE800E91416 /* Build configuration list for PBXNativeTarget "ExampleMacOS" */ = {
			isa = XCConfigurationList;
			buildConfigurations = (
				C495DA0330064EE800E91416 /* Debug configuration for PBXNativeTarget "ExampleMacOS" */,
				C495DA0430064EE800E91416 /* Release configuration for PBXNativeTarget "ExampleMacOS" */,
			);
			defaultConfigurationName = Release;
		};
		C4A1B0063100000000000001 /* Build configuration list for PBXNativeTarget "ExampleiOS" */ = {
			isa = XCConfigurationList;
			buildConfigurations = (
				C4A1B0093100000000000001 /* Debug configuration for PBXNativeTarget "ExampleiOS" */,
				C4A1B00A3100000000000001 /* Release configuration for PBXNativeTarget "ExampleiOS" */,
			);
			defaultConfigurationName = Release;
		};
		C4A1B0243100000000000002 /* Build configuration list for PBXNativeTarget "ExampleiOSUITests" */ = {
			isa = XCConfigurationList;
			buildConfigurations = (
				C4A1B0293100000000000002 /* Debug configuration for PBXNativeTarget "ExampleiOSUITests" */,
				C4A1B02A3100000000000002 /* Release configuration for PBXNativeTarget "ExampleiOSUITests" */,
			);
			defaultConfigurationName = Release;
		};
/* End XCConfigurationList section */

/* Begin XCLocalSwiftPackageReference section */
		C495DA193006506F00E91416 /* XCLocalSwiftPackageReference "../../Laperm" */ = {
			isa = XCLocalSwiftPackageReference;
			relativePath = ../../Laperm;
		};
/* End XCLocalSwiftPackageReference section */

/* Begin XCSwiftPackageProductDependency section */
		C495DA1A3006506F00E91416 /* LapermEditor */ = {
			isa = XCSwiftPackageProductDependency;
			productName = LapermEditor;
		};
		C4A1B0003100000000000001 /* LapermEditor */ = {
			isa = XCSwiftPackageProductDependency;
			productName = LapermEditor;
		};
/* End XCSwiftPackageProductDependency section */
	};
	rootObject = C495D9EF30064EC200E91416 /* Project object */;
	validationLevel = 1;
}
